// !$*UTF8*$!
{
	archiveVersion = 1;
	classes = {
	};
	objectVersion = 51;
	objects = {

/* Begin PBXBuildFile section */
		091E4FC172013BCCD9CF6879 /* Pods_swiftTest.framework in Frameworks */ = {isa = PBXBuildFile; fileRef = E4A4FA02DD857BCFEE7AE75D /* Pods_swiftTest.framework */; };
		0A400E2E24703DBC00A3F846 /* AppDelegate.swift in Sources */ = {isa = PBXBuildFile; fileRef = 0A400E2D24703DBC00A3F846 /* AppDelegate.swift */; };
		0A400E3024703DBC00A3F846 /* SceneDelegate.swift in Sources */ = {isa = PBXBuildFile; fileRef = 0A400E2F24703DBC00A3F846 /* SceneDelegate.swift */; };
		0A400E3224703DBC00A3F846 /* ViewController.swift in Sources */ = {isa = PBXBuildFile; fileRef = 0A400E3124703DBC00A3F846 /* ViewController.swift */; };
		0A400E3524703DBC00A3F846 /* Main.storyboard in Resources */ = {isa = PBXBuildFile; fileRef = 0A400E3324703DBC00A3F846 /* Main.storyboard */; };
		0A400E3724703DBD00A3F846 /* Assets.xcassets in Resources */ = {isa = PBXBuildFile; fileRef = 0A400E3624703DBD00A3F846 /* Assets.xcassets */; };
		0A400E3A24703DBD00A3F846 /* LaunchScreen.storyboard in Resources */ = {isa = PBXBuildFile; fileRef = 0A400E3824703DBD00A3F846 /* LaunchScreen.storyboard */; };
		0A400E4524703DBD00A3F846 /* swiftTestTests.swift in Sources */ = {isa = PBXBuildFile; fileRef = 0A400E4424703DBD00A3F846 /* swiftTestTests.swift */; };
		0A400E5024703DBD00A3F846 /* swiftTestUITests.swift in Sources */ = {isa = PBXBuildFile; fileRef = 0A400E4F24703DBD00A3F846 /* swiftTestUITests.swift */; };
		0A579A4B24760D4000475FFE /* LoginViewController.swift in Sources */ = {isa = PBXBuildFile; fileRef = 0A579A4A24760D4000475FFE /* LoginViewController.swift */; };
		0A87396C247689C600DD10CF /* ObjectUnicode.swift in Sources */ = {isa = PBXBuildFile; fileRef = 0A87396B247689C600DD10CF /* ObjectUnicode.swift */; };
		0ACEBE822470483000FAFD94 /* PushViewController.swift in Sources */ = {isa = PBXBuildFile; fileRef = 0ACEBE812470483000FAFD94 /* PushViewController.swift */; };
		0ACEBE842470483E00FAFD94 /* PresentViewController.swift in Sources */ = {isa = PBXBuildFile; fileRef = 0ACEBE832470483E00FAFD94 /* PresentViewController.swift */; };
		0ACEBE8624704C3500FAFD94 /* ViewController.xib in Resources */ = {isa = PBXBuildFile; fileRef = 0ACEBE8524704C3500FAFD94 /* ViewController.xib */; };
		0ACEBE882470705D00FAFD94 /* ChangeProtocol.swift in Sources */ = {isa = PBXBuildFile; fileRef = 0ACEBE872470705D00FAFD94 /* ChangeProtocol.swift */; };
/* End PBXBuildFile section */

/* Begin PBXContainerItemProxy section */
		0A400E4124703DBD00A3F846 /* PBXContainerItemProxy */ = {
			isa = PBXContainerItemProxy;
			containerPortal = 0A400E2224703DBC00A3F846 /* Project object */;
			proxyType = 1;
			remoteGlobalIDString = 0A400E2924703DBC00A3F846;
			remoteInfo = swiftTest;
		};
		0A400E4C24703DBD00A3F846 /* PBXContainerItemProxy */ = {
			isa = PBXContainerItemProxy;
			containerPortal = 0A400E2224703DBC00A3F846 /* Project object */;
			proxyType = 1;
			remoteGlobalIDString = 0A400E2924703DBC00A3F846;
			remoteInfo = swiftTest;
		};
/* End PBXContainerItemProxy section */

/* Begin PBXFileReference section */
		0A400E2A24703DBC00A3F846 /* swiftTest.app */ = {isa = PBXFileReference; explicitFileType = wrapper.application; includeInIndex = 0; path = swiftTest.app; sourceTree = BUILT_PRODUCTS_DIR; };
		0A400E2D24703DBC00A3F846 /* AppDelegate.swift */ = {isa = PBXFileReference; lastKnownFileType = sourcecode.swift; path = AppDelegate.swift; sourceTree = "<group>"; };
		0A400E2F24703DBC00A3F846 /* SceneDelegate.swift */ = {isa = PBXFileReference; lastKnownFileType = sourcecode.swift; path = SceneDelegate.swift; sourceTree = "<group>"; };
		0A400E3124703DBC00A3F846 /* ViewController.swift */ = {isa = PBXFileReference; lastKnownFileType = sourcecode.swift; path = ViewController.swift; sourceTree = "<group>"; };
		0A400E3424703DBC00A3F846 /* Base */ = {isa = PBXFileReference; lastKnownFileType = file.storyboard; name = Base; path = Base.lproj/Main.storyboard; sourceTree = "<group>"; };
		0A400E3624703DBD00A3F846 /* Assets.xcassets */ = {isa = PBXFileReference; lastKnownFileType = folder.assetcatalog; path = Assets.xcassets; sourceTree = "<group>"; };
		0A400E3924703DBD00A3F846 /* Base */ = {isa = PBXFileReference; lastKnownFileType = file.storyboard; name = Base; path = Base.lproj/LaunchScreen.storyboard; sourceTree = "<group>"; };
		0A400E3B24703DBD00A3F846 /* Info.plist */ = {isa = PBXFileReference; lastKnownFileType = text.plist.xml; path = Info.plist; sourceTree = "<group>"; };
		0A400E4024703DBD00A3F846 /* swiftTestTests.xctest */ = {isa = PBXFileReference; explicitFileType = wrapper.cfbundle; includeInIndex = 0; path = swiftTestTests.xctest; sourceTree = BUILT_PRODUCTS_DIR; };
		0A400E4424703DBD00A3F846 /* swiftTestTests.swift */ = {isa = PBXFileReference; lastKnownFileType = sourcecode.swift; path = swiftTestTests.swift; sourceTree = "<group>"; };
		0A400E4624703DBD00A3F846 /* Info.plist */ = {isa = PBXFileReference; lastKnownFileType = text.plist.xml; path = Info.plist; sourceTree = "<group>"; };
		0A400E4B24703DBD00A3F846 /* swiftTestUITests.xctest */ = {isa = PBXFileReference; explicitFileType = wrapper.cfbundle; includeInIndex = 0; path = swiftTestUITests.xctest; sourceTree = BUILT_PRODUCTS_DIR; };
		0A400E4F24703DBD00A3F846 /* swiftTestUITests.swift */ = {isa = PBXFileReference; lastKnownFileType = sourcecode.swift; path = swiftTestUITests.swift; sourceTree = "<group>"; };
		0A400E5124703DBD00A3F846 /* Info.plist */ = {isa = PBXFileReference; lastKnownFileType = text.plist.xml; path = Info.plist; sourceTree = "<group>"; };
		0A579A4A24760D4000475FFE /* LoginViewController.swift */ = {isa = PBXFileReference; lastKnownFileType = sourcecode.swift; path = LoginViewController.swift; sourceTree = "<group>"; };
		0A579A4C24760D5800475FFE /* swiftTest-Bridging-Header.h */ = {isa = PBXFileReference; lastKnownFileType = sourcecode.c.h; path = "swiftTest-Bridging-Header.h"; sourceTree = "<group>"; };
		0A87396B247689C600DD10CF /* ObjectUnicode.swift */ = {isa = PBXFileReference; lastKnownFileType = sourcecode.swift; path = ObjectUnicode.swift; sourceTree = "<group>"; };
		0ACEBE812470483000FAFD94 /* PushViewController.swift */ = {isa = PBXFileReference; lastKnownFileType = sourcecode.swift; path = PushViewController.swift; sourceTree = "<group>"; };
		0ACEBE832470483E00FAFD94 /* PresentViewController.swift */ = {isa = PBXFileReference; lastKnownFileType = sourcecode.swift; path = PresentViewController.swift; sourceTree = "<group>"; };
		0ACEBE8524704C3500FAFD94 /* ViewController.xib */ = {isa = PBXFileReference; lastKnownFileType = file.xib; path = ViewController.xib; sourceTree = "<group>"; };
		0ACEBE872470705D00FAFD94 /* ChangeProtocol.swift */ = {isa = PBXFileReference; lastKnownFileType = sourcecode.swift; path = ChangeProtocol.swift; sourceTree = "<group>"; };
		135625F8E586310757DA1CD6 /* Pods-swiftTest.release.xcconfig */ = {isa = PBXFileReference; includeInIndex = 1; lastKnownFileType = text.xcconfig; name = "Pods-swiftTest.release.xcconfig"; path = "Target Support Files/Pods-swiftTest/Pods-swiftTest.release.xcconfig"; sourceTree = "<group>"; };
		4365673E5DDF7649B079E687 /* Pods-swiftTest.debug.xcconfig */ = {isa = PBXFileReference; includeInIndex = 1; lastKnownFileType = text.xcconfig; name = "Pods-swiftTest.debug.xcconfig"; path = "Target Support Files/Pods-swiftTest/Pods-swiftTest.debug.xcconfig"; sourceTree = "<group>"; };
		E4A4FA02DD857BCFEE7AE75D /* Pods_swiftTest.framework */ = {isa = PBXFileReference; explicitFileType = wrapper.framework; includeInIndex = 0; path = Pods_swiftTest.framework; sourceTree = BUILT_PRODUCTS_DIR; };
/* End PBXFileReference section */

/* Begin PBXFrameworksBuildPhase section */
		0A400E2724703DBC00A3F846 /* Frameworks */ = {
			isa = PBXFrameworksBuildPhase;
			buildActionMask = 2147483647;
			files = (
				091E4FC172013BCCD9CF6879 /* Pods_swiftTest.framework in Frameworks */,
			);
			runOnlyForDeploymentPostprocessing = 0;
		};
		0A400E3D24703DBD00A3F846 /* Frameworks */ = {
			isa = PBXFrameworksBuildPhase;
			buildActionMask = 2147483647;
			files = (
			);
			runOnlyForDeploymentPostprocessing = 0;
		};
		0A400E4824703DBD00A3F846 /* Frameworks */ = {
			isa = PBXFrameworksBuildPhase;
			buildActionMask = 2147483647;
			files = (
			);
			runOnlyForDeploymentPostprocessing = 0;
		};
/* End PBXFrameworksBuildPhase section */

/* Begin PBXGroup section */
		0A400E2124703DBC00A3F846 = {
			isa = PBXGroup;
			children = (
				0A400E2C24703DBC00A3F846 /* swiftTest */,
				0A400E4324703DBD00A3F846 /* swiftTestTests */,
				0A400E4E24703DBD00A3F846 /* swiftTestUITests */,
				0A400E2B24703DBC00A3F846 /* Products */,
				93A6C71DFF484B4EA539164A /* Pods */,
				B176CA5438D97BFD6FEBEDC7 /* Frameworks */,
			);
			sourceTree = "<group>";
		};
		0A400E2B24703DBC00A3F846 /* Products */ = {
			isa = PBXGroup;
			children = (
				0A400E2A24703DBC00A3F846 /* swiftTest.app */,
				0A400E4024703DBD00A3F846 /* swiftTestTests.xctest */,
				0A400E4B24703DBD00A3F846 /* swiftTestUITests.xctest */,
			);
			name = Products;
			sourceTree = "<group>";
		};
		0A400E2C24703DBC00A3F846 /* swiftTest */ = {
			isa = PBXGroup;
			children = (
				0A400E2D24703DBC00A3F846 /* AppDelegate.swift */,
				0A400E2F24703DBC00A3F846 /* SceneDelegate.swift */,
				0A400E3124703DBC00A3F846 /* ViewController.swift */,
				0ACEBE8524704C3500FAFD94 /* ViewController.xib */,
				0ACEBE812470483000FAFD94 /* PushViewController.swift */,
				0ACEBE832470483E00FAFD94 /* PresentViewController.swift */,
				0ACEBE872470705D00FAFD94 /* ChangeProtocol.swift */,
				0A579A4A24760D4000475FFE /* LoginViewController.swift */,
				0A87396B247689C600DD10CF /* ObjectUnicode.swift */,
				0A400E3324703DBC00A3F846 /* Main.storyboard */,
				0A400E3624703DBD00A3F846 /* Assets.xcassets */,
				0A400E3824703DBD00A3F846 /* LaunchScreen.storyboard */,
				0A400E3B24703DBD00A3F846 /* Info.plist */,
				0A579A4C24760D5800475FFE /* swiftTest-Bridging-Header.h */,
			);
			path = swiftTest;
			sourceTree = "<group>";
		};
		0A400E4324703DBD00A3F846 /* swiftTestTests */ = {
			isa = PBXGroup;
			children = (
				0A400E4424703DBD00A3F846 /* swiftTestTests.swift */,
				0A400E4624703DBD00A3F846 /* Info.plist */,
			);
			path = swiftTestTests;
			sourceTree = "<group>";
		};
		0A400E4E24703DBD00A3F846 /* swiftTestUITests */ = {
			isa = PBXGroup;
			children = (
				0A400E4F24703DBD00A3F846 /* swiftTestUITests.swift */,
				0A400E5124703DBD00A3F846 /* Info.plist */,
			);
			path = swiftTestUITests;
			sourceTree = "<group>";
		};
		93A6C71DFF484B4EA539164A /* Pods */ = {
			isa = PBXGroup;
			children = (
				4365673E5DDF7649B079E687 /* Pods-swiftTest.debug.xcconfig */,
				135625F8E586310757DA1CD6 /* Pods-swiftTest.release.xcconfig */,
			);
			path = Pods;
			sourceTree = "<group>";
		};
		B176CA5438D97BFD6FEBEDC7 /* Frameworks */ = {
			isa = PBXGroup;
			children = (
				E4A4FA02DD857BCFEE7AE75D /* Pods_swiftTest.framework */,
			);
			name = Frameworks;
			sourceTree = "<group>";
		};
/* End PBXGroup section */

/* Begin PBXNativeTarget section */
		0A400E2924703DBC00A3F846 /* swiftTest */ = {
			isa = PBXNativeTarget;
			buildConfigurationList = 0A400E5424703DBD00A3F846 /* Build configuration list for PBXNativeTarget "swiftTest" */;
			buildPhases = (
				503E4BF64FA4415B5759F36F /* [CP] Check Pods Manifest.lock */,
				0A400E2624703DBC00A3F846 /* Sources */,
				0A400E2724703DBC00A3F846 /* Frameworks */,
				0A400E2824703DBC00A3F846 /* Resources */,
				3757CF1CFDBD9C871FCBEEBF /* [CP] Embed Pods Frameworks */,
			);
			buildRules = (
			);
			dependencies = (
			);
			name = swiftTest;
			productName = swiftTest;
			productReference = 0A400E2A24703DBC00A3F846 /* swiftTest.app */;
			productType = "com.apple.product-type.application";
		};
		0A400E3F24703DBD00A3F846 /* swiftTestTests */ = {
			isa = PBXNativeTarget;
			buildConfigurationList = 0A400E5724703DBD00A3F846 /* Build configuration list for PBXNativeTarget "swiftTestTests" */;
			buildPhases = (
				0A400E3C24703DBD00A3F846 /* Sources */,
				0A400E3D24703DBD00A3F846 /* Frameworks */,
				0A400E3E24703DBD00A3F846 /* Resources */,
			);
			buildRules = (
			);
			dependencies = (
				0A400E4224703DBD00A3F846 /* PBXTargetDependency */,
			);
			name = swiftTestTests;
			productName = swiftTestTests;
			productReference = 0A400E4024703DBD00A3F846 /* swiftTestTests.xctest */;
			productType = "com.apple.product-type.bundle.unit-test";
		};
		0A400E4A24703DBD00A3F846 /* swiftTestUITests */ = {
			isa = PBXNativeTarget;
			buildConfigurationList = 0A400E5A24703DBD00A3F846 /* Build configuration list for PBXNativeTarget "swiftTestUITests" */;
			buildPhases = (
				0A400E4724703DBD00A3F846 /* Sources */,
				0A400E4824703DBD00A3F846 /* Frameworks */,
				0A400E4924703DBD00A3F846 /* Resources */,
			);
			buildRules = (
			);
			dependencies = (
				0A400E4D24703DBD00A3F846 /* PBXTargetDependency */,
			);
			name = swiftTestUITests;
			productName = swiftTestUITests;
			productReference = 0A400E4B24703DBD00A3F846 /* swiftTestUITests.xctest */;
			productType = "com.apple.product-type.bundle.ui-testing";
		};
/* End PBXNativeTarget section */

/* Begin PBXProject section */
		0A400E2224703DBC00A3F846 /* Project object */ = {
			isa = PBXProject;
			attributes = {
				LastSwiftUpdateCheck = 1140;
				LastUpgradeCheck = 1140;
				ORGANIZATIONNAME = "朱校明";
				TargetAttributes = {
					0A400E2924703DBC00A3F846 = {
						CreatedOnToolsVersion = 11.4.1;
						LastSwiftMigration = 1140;
					};
					0A400E3F24703DBD00A3F846 = {
						CreatedOnToolsVersion = 11.4.1;
						TestTargetID = 0A400E2924703DBC00A3F846;
					};
					0A400E4A24703DBD00A3F846 = {
						CreatedOnToolsVersion = 11.4.1;
						TestTargetID = 0A400E2924703DBC00A3F846;
					};
				};
			};
			buildConfigurationList = 0A400E2524703DBC00A3F846 /* Build configuration list for PBXProject "swiftTest" */;
			compatibilityVersion = "Xcode 9.3";
			developmentRegion = en;
			hasScannedForEncodings = 0;
			knownRegions = (
				en,
				Base,
			);
			mainGroup = 0A400E2124703DBC00A3F846;
			productRefGroup = 0A400E2B24703DBC00A3F846 /* Products */;
			projectDirPath = "";
			projectRoot = "";
			targets = (
				0A400E2924703DBC00A3F846 /* swiftTest */,
				0A400E3F24703DBD00A3F846 /* swiftTestTests */,
				0A400E4A24703DBD00A3F846 /* swiftTestUITests */,
			);
		};
/* End PBXProject section */

/* Begin PBXResourcesBuildPhase section */
		0A400E2824703DBC00A3F846 /* Resources */ = {
			isa = PBXResourcesBuildPhase;
			buildActionMask = 2147483647;
			files = (
				0A400E3A24703DBD00A3F846 /* LaunchScreen.storyboard in Resources */,
				0A400E3724703DBD00A3F846 /* Assets.xcassets in Resources */,
				0ACEBE8624704C3500FAFD94 /* ViewController.xib in Resources */,
				0A400E3524703DBC00A3F846 /* Main.storyboard in Resources */,
			);
			runOnlyForDeploymentPostprocessing = 0;
		};
		0A400E3E24703DBD00A3F846 /* Resources */ = {
			isa = PBXResourcesBuildPhase;
			buildActionMask = 2147483647;
			files = (
			);
			runOnlyForDeploymentPostprocessing = 0;
		};
		0A400E4924703DBD00A3F846 /* Resources */ = {
			isa = PBXResourcesBuildPhase;
			buildActionMask = 2147483647;
			files = (
			);
			runOnlyForDeploymentPostprocessing = 0;
		};
/* End PBXResourcesBuildPhase section */

/* Begin PBXShellScriptBuildPhase section */
		3757CF1CFDBD9C871FCBEEBF /* [CP] Embed Pods Frameworks */ = {
			isa = PBXShellScriptBuildPhase;
			buildActionMask = 2147483647;
			files = (
			);
			inputFileListPaths = (
				"${PODS_ROOT}/Target Support Files/Pods-swiftTest/Pods-swiftTest-frameworks-${CONFIGURATION}-input-files.xcfilelist",
			);
			name = "[CP] Embed Pods Frameworks";
			outputFileListPaths = (
				"${PODS_ROOT}/Target Support Files/Pods-swiftTest/Pods-swiftTest-frameworks-${CONFIGURATION}-output-files.xcfilelist",
			);
			runOnlyForDeploymentPostprocessing = 0;
			shellPath = /bin/sh;
			shellScript = "\"${PODS_ROOT}/Target Support Files/Pods-swiftTest/Pods-swiftTest-frameworks.sh\"\n";
			showEnvVarsInLog = 0;
		};
		503E4BF64FA4415B5759F36F /* [CP] Check Pods Manifest.lock */ = {
			isa = PBXShellScriptBuildPhase;
			buildActionMask = 2147483647;
			files = (
			);
			inputFileListPaths = (
			);
			inputPaths = (
				"${PODS_PODFILE_DIR_PATH}/Podfile.lock",
				"${PODS_ROOT}/Manifest.lock",
			);
			name = "[CP] Check Pods Manifest.lock";
			outputFileListPaths = (
			);
			outputPaths = (
				"$(DERIVED_FILE_DIR)/Pods-swiftTest-checkManifestLockResult.txt",
			);
			runOnlyForDeploymentPostprocessing = 0;
			shellPath = /bin/sh;
			shellScript = "diff \"${PODS_PODFILE_DIR_PATH}/Podfile.lock\" \"${PODS_ROOT}/Manifest.lock\" > /dev/null\nif [ $? != 0 ] ; then\n    # print error to STDERR\n    echo \"error: The sandbox is not in sync with the Podfile.lock. Run 'pod install' or update your CocoaPods installation.\" >&2\n    exit 1\nfi\n# This output is used by Xcode 'outputs' to avoid re-running this script phase.\necho \"SUCCESS\" > \"${SCRIPT_OUTPUT_FILE_0}\"\n";
			showEnvVarsInLog = 0;
		};
/* End PBXShellScriptBuildPhase section */

/* Begin PBXSourcesBuildPhase section */
		0A400E2624703DBC00A3F846 /* Sources */ = {
			isa = PBXSourcesBuildPhase;
			buildActionMask = 2147483647;
			files = (
				0A579A4B24760D4000475FFE /* LoginViewController.swift in Sources */,
				0A400E3224703DBC00A3F846 /* ViewController.swift in Sources */,
				0A400E2E24703DBC00A3F846 /* AppDelegate.swift in Sources */,
				0ACEBE842470483E00FAFD94 /* PresentViewController.swift in Sources */,
				0A87396C247689C600DD10CF /* ObjectUnicode.swift in Sources */,
				0ACEBE822470483000FAFD94 /* PushViewController.swift in Sources */,
				0A400E3024703DBC00A3F846 /* SceneDelegate.swift in Sources */,
				0ACEBE882470705D00FAFD94 /* ChangeProtocol.swift in Sources */,
			);
			runOnlyForDeploymentPostprocessing = 0;
		};
		0A400E3C24703DBD00A3F846 /* Sources */ = {
			isa = PBXSourcesBuildPhase;
			buildActionMask = 2147483647;
			files = (
				0A400E4524703DBD00A3F846 /* swiftTestTests.swift in Sources */,
			);
			runOnlyForDeploymentPostprocessing = 0;
		};
		0A400E4724703DBD00A3F846 /* Sources */ = {
			isa = PBXSourcesBuildPhase;
			buildActionMask = 2147483647;
			files = (
				0A400E5024703DBD00A3F846 /* swiftTestUITests.swift in Sources */,
			);
			runOnlyForDeploymentPostprocessing = 0;
		};
/* End PBXSourcesBuildPhase section */

/* Begin PBXTargetDependency section */
		0A400E4224703DBD00A3F846 /* PBXTargetDependency */ = {
			isa = PBXTargetDependency;
			target = 0A400E2924703DBC00A3F846 /* swiftTest */;
			targetProxy = 0A400E4124703DBD00A3F846 /* PBXContainerItemProxy */;
		};
		0A400E4D24703DBD00A3F846 /* PBXTargetDependency */ = {
			isa = PBXTargetDependency;
			target = 0A400E2924703DBC00A3F846 /* swiftTest */;
			targetProxy = 0A400E4C24703DBD00A3F846 /* PBXContainerItemProxy */;
		};
/* End PBXTargetDependency section */

/* Begin PBXVariantGroup section */
		0A400E3324703DBC00A3F846 /* Main.storyboard */ = {
			isa = PBXVariantGroup;
			children = (
				0A400E3424703DBC00A3F846 /* Base */,
			);
			name = Main.storyboard;
			sourceTree = "<group>";
		};
		0A400E3824703DBD00A3F846 /* LaunchScreen.storyboard */ = {
			isa = PBXVariantGroup;
			children = (
				0A400E3924703DBD00A3F846 /* Base */,
			);
			name = LaunchScreen.storyboard;
			sourceTree = "<group>";
		};
/* End PBXVariantGroup section */

/* Begin XCBuildConfiguration section */
		0A400E5224703DBD00A3F846 /* Debug */ = {
			isa = XCBuildConfiguration;
			buildSettings = {
				ALWAYS_SEARCH_USER_PATHS = NO;
				CLANG_ANALYZER_NONNULL = YES;
				CLANG_ANALYZER_NUMBER_OBJECT_CONVERSION = YES_AGGRESSIVE;
				CLANG_CXX_LANGUAGE_STANDARD = "gnu++14";
				CLANG_CXX_LIBRARY = "libc++";
				CLANG_ENABLE_MODULES = YES;
				CLANG_ENABLE_OBJC_ARC = YES;
				CLANG_ENABLE_OBJC_WEAK = YES;
				CLANG_WARN_BLOCK_CAPTURE_AUTORELEASING = YES;
				CLANG_WARN_BOOL_CONVERSION = YES;
				CLANG_WARN_COMMA = YES;
				CLANG_WARN_CONSTANT_CONVERSION = YES;
				CLANG_WARN_DEPRECATED_OBJC_IMPLEMENTATIONS = YES;
				CLANG_WARN_DIRECT_OBJC_ISA_USAGE = YES_ERROR;
				CLANG_WARN_DOCUMENTATION_COMMENTS = YES;
				CLANG_WARN_EMPTY_BODY = YES;
				CLANG_WARN_ENUM_CONVERSION = YES;
				CLANG_WARN_INFINITE_RECURSION = YES;
				CLANG_WARN_INT_CONVERSION = YES;
				CLANG_WARN_NON_LITERAL_NULL_CONVERSION = YES;
				CLANG_WARN_OBJC_IMPLICIT_RETAIN_SELF = YES;
				CLANG_WARN_OBJC_LITERAL_CONVERSION = YES;
				CLANG_WARN_OBJC_ROOT_CLASS = YES_ERROR;
				CLANG_WARN_RANGE_LOOP_ANALYSIS = YES;
				CLANG_WARN_STRICT_PROTOTYPES = YES;
				CLANG_WARN_SUSPICIOUS_MOVE = YES;
				CLANG_WARN_UNGUARDED_AVAILABILITY = YES_AGGRESSIVE;
				CLANG_WARN_UNREACHABLE_CODE = YES;
				CLANG_WARN__DUPLICATE_METHOD_MATCH = YES;
				COPY_PHASE_STRIP = NO;
				DEBUG_INFORMATION_FORMAT = dwarf;
				ENABLE_STRICT_OBJC_MSGSEND = YES;
				ENABLE_TESTABILITY = YES;
				GCC_C_LANGUAGE_STANDARD = gnu11;
				GCC_DYNAMIC_NO_PIC = NO;
				GCC_NO_COMMON_BLOCKS = YES;
				GCC_OPTIMIZATION_LEVEL = 0;
				GCC_PREPROCESSOR_DEFINITIONS = (
					"DEBUG=1",
					"$(inherited)",
				);
				GCC_WARN_64_TO_32_BIT_CONVERSION = YES;
				GCC_WARN_ABOUT_RETURN_TYPE = YES_ERROR;
				GCC_WARN_UNDECLARED_SELECTOR = YES;
				GCC_WARN_UNINITIALIZED_AUTOS = YES_AGGRESSIVE;
				GCC_WARN_UNUSED_FUNCTION = YES;
				GCC_WARN_UNUSED_VARIABLE = YES;
				IPHONEOS_DEPLOYMENT_TARGET = 13.4;
				MTL_ENABLE_DEBUG_INFO = INCLUDE_SOURCE;
				MTL_FAST_MATH = YES;
				ONLY_ACTIVE_ARCH = YES;
				SDKROOT = iphoneos;
				SWIFT_ACTIVE_COMPILATION_CONDITIONS = DEBUG;
				SWIFT_OPTIMIZATION_LEVEL = "-Onone";
			};
			name = Debug;
		};
		0A400E5324703DBD00A3F846 /* Release */ = {
			isa = XCBuildConfiguration;
			buildSettings = {
				ALWAYS_SEARCH_USER_PATHS = NO;
				CLANG_ANALYZER_NONNULL = YES;
				CLANG_ANALYZER_NUMBER_OBJECT_CONVERSION = YES_AGGRESSIVE;
				CLANG_CXX_LANGUAGE_STANDARD = "gnu++14";
				CLANG_CXX_LIBRARY = "libc++";
				CLANG_ENABLE_MODULES = YES;
				CLANG_ENABLE_OBJC_ARC = YES;
				CLANG_ENABLE_OBJC_WEAK = YES;
				CLANG_WARN_BLOCK_CAPTURE_AUTORELEASING = YES;
				CLANG_WARN_BOOL_CONVERSION = YES;
				CLANG_WARN_COMMA = YES;
				CLANG_WARN_CONSTANT_CONVERSION = YES;
				CLANG_WARN_DEPRECATED_OBJC_IMPLEMENTATIONS = YES;
				CLANG_WARN_DIRECT_OBJC_ISA_USAGE = YES_ERROR;
				CLANG_WARN_DOCUMENTATION_COMMENTS = YES;
				CLANG_WARN_EMPTY_BODY = YES;
				CLANG_WARN_ENUM_CONVERSION = YES;
				CLANG_WARN_INFINITE_RECURSION = YES;
				CLANG_WARN_INT_CONVERSION = YES;
				CLANG_WARN_NON_LITERAL_NULL_CONVERSION = YES;
				CLANG_WARN_OBJC_IMPLICIT_RETAIN_SELF = YES;
				CLANG_WARN_OBJC_LITERAL_CONVERSION = YES;
				CLANG_WARN_OBJC_ROOT_CLASS = YES_ERROR;
				CLANG_WARN_RANGE_LOOP_ANALYSIS = YES;
				CLANG_WARN_STRICT_PROTOTYPES = YES;
				CLANG_WARN_SUSPICIOUS_MOVE = YES;
				CLANG_WARN_UNGUARDED_AVAILABILITY = YES_AGGRESSIVE;
				CLANG_WARN_UNREACHABLE_CODE = YES;
				CLANG_WARN__DUPLICATE_METHOD_MATCH = YES;
				COPY_PHASE_STRIP = NO;
				DEBUG_INFORMATION_FORMAT = "dwarf-with-dsym";
				ENABLE_NS_ASSERTIONS = NO;
				ENABLE_STRICT_OBJC_MSGSEND = YES;
				GCC_C_LANGUAGE_STANDARD = gnu11;
				GCC_NO_COMMON_BLOCKS = YES;
				GCC_WARN_64_TO_32_BIT_CONVERSION = YES;
				GCC_WARN_ABOUT_RETURN_TYPE = YES_ERROR;
				GCC_WARN_UNDECLARED_SELECTOR = YES;
				GCC_WARN_UNINITIALIZED_AUTOS = YES_AGGRESSIVE;
				GCC_WARN_UNUSED_FUNCTION = YES;
				GCC_WARN_UNUSED_VARIABLE = YES;
				IPHONEOS_DEPLOYMENT_TARGET = 13.4;
				MTL_ENABLE_DEBUG_INFO = NO;
				MTL_FAST_MATH = YES;
				SDKROOT = iphoneos;
				SWIFT_COMPILATION_MODE = wholemodule;
				SWIFT_OPTIMIZATION_LEVEL = "-O";
				VALIDATE_PRODUCT = YES;
			};
			name = Release;
		};
		0A400E5524703DBD00A3F846 /* Debug */ = {
			isa = XCBuildConfiguration;
			baseConfigurationReference = 4365673E5DDF7649B079E687 /* Pods-swiftTest.debug.xcconfig */;
			buildSettings = {
				ASSETCATALOG_COMPILER_APPICON_NAME = AppIcon;
				CLANG_ENABLE_MODULES = YES;
				CODE_SIGN_IDENTITY = "iPhone Developer";
				CODE_SIGN_STYLE = Manual;
				DEVELOPMENT_TEAM = ZJTN8M3KZB;
				INFOPLIST_FILE = swiftTest/Info.plist;
				LD_RUNPATH_SEARCH_PATHS = (
					"$(inherited)",
					"@executable_path/Frameworks",
				);
				PRODUCT_BUNDLE_IDENTIFIER = com.goodick.swiftTest;
				PRODUCT_NAME = "$(TARGET_NAME)";
				PROVISIONING_PROFILE_SPECIFIER = "SwiftTest Dev";
				SWIFT_OBJC_BRIDGING_HEADER = "swiftTest/swiftTest-Bridging-Header.h";
				SWIFT_OPTIMIZATION_LEVEL = "-Onone";
				SWIFT_VERSION = 5.0;
				TARGETED_DEVICE_FAMILY = "1,2";
			};
			name = Debug;
		};
		0A400E5624703DBD00A3F846 /* Release */ = {
			isa = XCBuildConfiguration;
			baseConfigurationReference = 135625F8E586310757DA1CD6 /* Pods-swiftTest.release.xcconfig */;
			buildSettings = {
				ASSETCATALOG_COMPILER_APPICON_NAME = AppIcon;
				CLANG_ENABLE_MODULES = YES;
				CODE_SIGN_IDENTITY = "iPhone Distribution";
				CODE_SIGN_STYLE = Manual;
				DEVELOPMENT_TEAM = ZJTN8M3KZB;
				INFOPLIST_FILE = swiftTest/Info.plist;
				LD_RUNPATH_SEARCH_PATHS = (
					"$(inherited)",
					"@executable_path/Frameworks",
				);
				PRODUCT_BUNDLE_IDENTIFIER = com.goodick.swiftTest;
				PRODUCT_NAME = "$(TARGET_NAME)";
				PROVISIONING_PROFILE_SPECIFIER = "SwiftTest ADHoc";
				SWIFT_OBJC_BRIDGING_HEADER = "swiftTest/swiftTest-Bridging-Header.h";
				SWIFT_VERSION = 5.0;
				TARGETED_DEVICE_FAMILY = "1,2";
			};
			name = Release;
		};
		0A400E5824703DBD00A3F846 /* Debug */ = {
			isa = XCBuildConfiguration;
			buildSettings = {
				ALWAYS_EMBED_SWIFT_STANDARD_LIBRARIES = YES;
				BUNDLE_LOADER = "$(TEST_HOST)";
				CODE_SIGN_STYLE = Automatic;
				DEVELOPMENT_TEAM = ZJTN8M3KZB;
				INFOPLIST_FILE = swiftTestTests/Info.plist;
				IPHONEOS_DEPLOYMENT_TARGET = 13.4;
				LD_RUNPATH_SEARCH_PATHS = (
					"$(inherited)",
					"@executable_path/Frameworks",
					"@loader_path/Frameworks",
				);
				PRODUCT_BUNDLE_IDENTIFIER = com.goodick.swiftTestTests;
				PRODUCT_NAME = "$(TARGET_NAME)";
				SWIFT_VERSION = 5.0;
				TARGETED_DEVICE_FAMILY = "1,2";
				TEST_HOST = "$(BUILT_PRODUCTS_DIR)/swiftTest.app/swiftTest";
			};
			name = Debug;
		};
		0A400E5924703DBD00A3F846 /* Release */ = {
			isa = XCBuildConfiguration;
			buildSettings = {
				ALWAYS_EMBED_SWIFT_STANDARD_LIBRARIES = YES;
				BUNDLE_LOADER = "$(TEST_HOST)";
				CODE_SIGN_STYLE = Automatic;
				DEVELOPMENT_TEAM = ZJTN8M3KZB;
				INFOPLIST_FILE = swiftTestTests/Info.plist;
				IPHONEOS_DEPLOYMENT_TARGET = 13.4;
				LD_RUNPATH_SEARCH_PATHS = (
					"$(inherited)",
					"@executable_path/Frameworks",
					"@loader_path/Frameworks",
				);
				PRODUCT_BUNDLE_IDENTIFIER = com.goodick.swiftTestTests;
				PRODUCT_NAME = "$(TARGET_NAME)";
				SWIFT_VERSION = 5.0;
				TARGETED_DEVICE_FAMILY = "1,2";
				TEST_HOST = "$(BUILT_PRODUCTS_DIR)/swiftTest.app/swiftTest";
			};
			name = Release;
		};
		0A400E5B24703DBD00A3F846 /* Debug */ = {
			isa = XCBuildConfiguration;
			buildSettings = {
				ALWAYS_EMBED_SWIFT_STANDARD_LIBRARIES = YES;
				CODE_SIGN_STYLE = Automatic;
				DEVELOPMENT_TEAM = ZJTN8M3KZB;
				INFOPLIST_FILE = swiftTestUITests/Info.plist;
				LD_RUNPATH_SEARCH_PATHS = (
					"$(inherited)",
					"@executable_path/Frameworks",
					"@loader_path/Frameworks",
				);
				PRODUCT_BUNDLE_IDENTIFIER = com.goodick.swiftTestUITests;
				PRODUCT_NAME = "$(TARGET_NAME)";
				SWIFT_VERSION = 5.0;
				TARGETED_DEVICE_FAMILY = "1,2";
				TEST_TARGET_NAME = swiftTest;
			};
			name = Debug;
		};
		0A400E5C24703DBD00A3F846 /* Release */ = {
			isa = XCBuildConfiguration;
			buildSettings = {
				ALWAYS_EMBED_SWIFT_STANDARD_LIBRARIES = YES;
				CODE_SIGN_STYLE = Automatic;
				DEVELOPMENT_TEAM = ZJTN8M3KZB;
				INFOPLIST_FILE = swiftTestUITests/Info.plist;
				LD_RUNPATH_SEARCH_PATHS = (
					"$(inherited)",
					"@executable_path/Frameworks",
					"@loader_path/Frameworks",
				);
				PRODUCT_BUNDLE_IDENTIFIER = com.goodick.swiftTestUITests;
				PRODUCT_NAME = "$(TARGET_NAME)";
				SWIFT_VERSION = 5.0;
				TARGETED_DEVICE_FAMILY = "1,2";
				TEST_TARGET_NAME = swiftTest;
			};
			name = Release;
		};
/* End XCBuildConfiguration section */

/* Begin XCConfigurationList section */
		0A400E2524703DBC00A3F846 /* Build configuration list for PBXProject "swiftTest" */ = {
			isa = XCConfigurationList;
			buildConfigurations = (
				0A400E5224703DBD00A3F846 /* Debug */,
				0A400E5324703DBD00A3F846 /* Release */,
			);
			defaultConfigurationIsVisible = 0;
			defaultConfigurationName = Release;
		};
		0A400E5424703DBD00A3F846 /* Build configuration list for PBXNativeTarget "swiftTest" */ = {
			isa = XCConfigurationList;
			buildConfigurations = (
				0A400E5524703DBD00A3F846 /* Debug */,
				0A400E5624703DBD00A3F846 /* Release */,
			);
			defaultConfigurationIsVisible = 0;
			defaultConfigurationName = Release;
		};
		0A400E5724703DBD00A3F846 /* Build configuration list for PBXNativeTarget "swiftTestTests" */ = {
			isa = XCConfigurationList;
			buildConfigurations = (
				0A400E5824703DBD00A3F846 /* Debug */,
				0A400E5924703DBD00A3F846 /* Release */,
			);
			defaultConfigurationIsVisible = 0;
			defaultConfigurationName = Release;
		};
		0A400E5A24703DBD00A3F846 /* Build configuration list for PBXNativeTarget "swiftTestUITests" */ = {
			isa = XCConfigurationList;
			buildConfigurations = (
				0A400E5B24703DBD00A3F846 /* Debug */,
				0A400E5C24703DBD00A3F846 /* Release */,
			);
			defaultConfigurationIsVisible = 0;
			defaultConfigurationName = Release;
		};
/* End XCConfigurationList section */
	};
	rootObject = 0A400E2224703DBC00A3F846 /* Project object */;
}
